
Microsoft Visual Studio Solution File, Format Version 12.00
# Visual Studio Version 17
VisualStudioVersion = 17.12.35707.178
MinimumVisualStudioVersion = 10.0.40219.1
Project("{2150E333-8FDC-42A3-9474-1A3956D46DE8}") = "Core", "Core", "{60545A5D-BBB6-4017-AB36-DBF9DD821E2F}"
EndProject
Project("{2150E333-8FDC-42A3-9474-1A3956D46DE8}") = "Presentation", "Presentation", "{B12D02BE-CF00-473A-ACC4-EBC82161258B}"
EndProject
Project("{FAE04EC0-301F-11D3-BF4B-00C04F79EFBC}") = "DiceGame", "Presentation\DiceGame\DiceGame.csproj", "{9EC25B14-02A8-47AD-91A3-DB66D07F1878}"
EndProject
Project("{FAE04EC0-301F-11D3-BF4B-00C04F79EFBC}") = "DiceGame.Application", "Core\DiceGame.Application\DiceGame.Application.csproj", "{C58742A7-126E-444B-A585-5F8E64F4D83D}"
EndProject
Project("{FAE04EC0-301F-11D3-BF4B-00C04F79EFBC}") = "DiceGame.Domain", "Core\DiceGame.Domain\DiceGame.Domain.csproj", "{4E85C03B-45F2-4E7A-AA22-1E117AA8E5B3}"
EndProject
Global
	GlobalSection(SolutionConfigurationPlatforms) = preSolution
		Debug|Any CPU = Debug|Any CPU
		Release|Any CPU = Release|Any CPU
	EndGlobalSection
	GlobalSection(ProjectConfigurationPlatforms) = postSolution
		{9EC25B14-02A8-47AD-91A3-DB66D07F1878}.Debug|Any CPU.ActiveCfg = Debug|Any CPU
		{9EC25B14-02A8-47AD-91A3-DB66D07F1878}.Debug|Any CPU.Build.0 = Debug|Any CPU
		{9EC25B14-02A8-47AD-91A3-DB66D07F1878}.Release|Any CPU.ActiveCfg = Release|Any CPU
		{9EC25B14-02A8-47AD-91A3-DB66D07F1878}.Release|Any CPU.Build.0 = Release|Any CPU
		{C58742A7-126E-444B-A585-5F8E64F4D83D}.Debug|Any CPU.ActiveCfg = Debug|Any CPU
		{C58742A7-126E-444B-A585-5F8E64F4D83D}.Debug|Any CPU.Build.0 = Debug|Any CPU
		{C58742A7-126E-444B-A585-5F8E64F4D83D}.Release|Any CPU.ActiveCfg = Release|Any CPU
		{C58742A7-126E-444B-A585-5F8E64F4D83D}.Release|Any CPU.Build.0 = Release|Any CPU
		{4E85C03B-45F2-4E7A-AA22-1E117AA8E5B3}.Debug|Any CPU.ActiveCfg = Debug|Any CPU
		{4E85C03B-45F2-4E7A-AA22-1E117AA8E5B3}.Debug|Any CPU.Build.0 = Debug|Any CPU
		{4E85C03B-45F2-4E7A-AA22-1E117AA8E5B3}.Release|Any CPU.ActiveCfg = Release|Any CPU
		{4E85C03B-45F2-4E7A-AA22-1E117AA8E5B3}.Release|Any CPU.Build.0 = Release|Any CPU
	EndGlobalSection
	GlobalSection(SolutionProperties) = preSolution
		HideSolutionNode = FALSE
	EndGlobalSection
	GlobalSection(NestedProjects) = preSolution
		{9EC25B14-02A8-47AD-91A3-DB66D07F1878} = {B12D02BE-CF00-473A-ACC4-EBC82161258B}
		{C58742A7-126E-444B-A585-5F8E64F4D83D} = {60545A5D-BBB6-4017-AB36-DBF9DD821E2F}
		{4E85C03B-45F2-4E7A-AA22-1E117AA8E5B3} = {60545A5D-BBB6-4017-AB36-DBF9DD821E2F}
	EndGlobalSection
EndGlobal
